{
  "version": 1,
  "dependencies": {
    "net8.0-windows7.0": {
      "SharpGLTF.Toolkit": {
        "type": "Direct",
        "requested": "[1.0.7, 1.0.7]",
        "resolved": "1.0.7",
        "contentHash": "v4N6KzbQ6gnBdTN970191BYD1Nyo2lGOhli/Ivnt36GehKQvE8m7ROqg0sP3ixSQWNj1vj34+S7HoSNDaPzvXQ==",
        "dependencies": {
          "SharpGLTF.Runtime": "1.0.7"
        }
      },
      "Silk.NET.Assimp": {
        "type": "Direct",
        "requested": "[2.23.0, 2.23.0]",
        "resolved": "2.23.0",
        "contentHash": "kr1H8TdDIG/9sYCSM1ZavqXqPc5LINVJiwhecEENASJjfGKknTrRQGxPqbPAWxN3t/zb130fmO+PGay71G8rlw==",
        "dependencies": {
          "Silk.NET.Core": "2.23.0",
          "Silk.NET.Maths": "2.23.0",
          "Ultz.Native.Assimp": "6.0.2"
        }
      },
      "Microsoft.CSharp": {
        "type": "Transitive",
        "resolved": "4.7.0",
        "contentHash": "pTj+D3uJWyN3My70i2Hqo+OXixq3Os2D1nJ2x92FFo6sk8fYS1m1WLNTs0Dc1uPaViH0YvEEwvzddQ7y4rhXmA=="
      },
      "Microsoft.DotNet.PlatformAbstractions": {
        "type": "Transitive",
        "resolved": "3.1.6",
        "contentHash": "jek4XYaQ/PGUwDKKhwR8K47Uh1189PFzMeLqO83mXrXQVIpARZCcfuDedH50YDTepBkfijCZN5U/vZi++erxtg=="
      },
      "Microsoft.Extensions.DependencyModel": {
        "type": "Transitive",
        "resolved": "9.0.9",
        "contentHash": "fNGvKct2De8ghm0Bpfq0iWthtzIWabgOTi+gJhNOPhNJIowXNEUE2eZNW/zNCzrHVA3PXg2yZ+3cWZndC2IqYA==",
        "dependencies": {
          "System.Text.Encodings.Web": "9.0.9",
          "System.Text.Json": "9.0.9"
        }
      },
      "SharpGLTF.Core": {
        "type": "Transitive",
        "resolved": "1.0.7",
        "contentHash": "dZHCUl2jH1ViiLbAwyYbVfZnFqsF1e/9OhZAfLBoggOpqnsbgKQghldK3LnobmtNRp6GNZMyaNkPceqERkqmsQ=="
      },
      "SharpGLTF.Runtime": {
        "type": "Transitive",
        "resolved": "1.0.7",
        "contentHash": "nHLEn7HlVq4KEc/2LSXtjMiWqabIirgS42kPogH6UQ+GhXUGQEOd/UjYb3xYI+ijfM9T7Q098Y9SqwbWfqs3NA==",
        "dependencies": {
          "SharpGLTF.Core": "1.0.7"
        }
      },
      "Silk.NET.Core": {
        "type": "Transitive",
        "resolved": "2.23.0",
        "contentHash": "D7AT/nnwlB+4RZ84XY8QNGBZMJI5z9l4CSSETIJ1wCfRJzRt/341y3MRZ4HbnFz4r/IGaWOEZr86iE+0/65yyQ==",
        "dependencies": {
          "Microsoft.CSharp": "4.7.0",
          "Microsoft.DotNet.PlatformAbstractions": "3.1.6",
          "Microsoft.Extensions.DependencyModel": "9.0.9",
          "System.Memory": "4.6.3",
          "System.Numerics.Vectors": "4.6.1",
          "System.Runtime.CompilerServices.Unsafe": "6.1.2"
        }
      },
      "Silk.NET.Maths": {
        "type": "Transitive",
        "resolved": "2.23.0",
        "contentHash": "r8PdIVzME8EH0qAgbmRPO87I4GfgR2j8TofT7EMuRJDf1QluoQwnVypDoFJjQ2ZBSRsGYk5unYxxogI05Ogsmw=="
      },
      "System.IO.Pipelines": {
        "type": "Transitive",
        "resolved": "9.0.9",
        "contentHash": "VySjpsCLprojvat550Flrm3NQB982CPuDzILajqjQihFmrQXZPdQyktIbcpVPJyaExFYtAfY1DpwMdWQuS0kbw=="
      },
      "System.Memory": {
        "type": "Transitive",
        "resolved": "4.6.3",
        "contentHash": "qdcDOgnFZY40+Q9876JUHnlHu7bosOHX8XISRoH94fwk6hgaeQGSgfZd8srWRZNt5bV9ZW2TljcegDNxsf+96A=="
      },
      "System.Numerics.Vectors": {
        "type": "Transitive",
        "resolved": "4.6.1",
        "contentHash": "sQxefTnhagrhoq2ReR0D/6K0zJcr9Hrd6kikeXsA1I8kOCboTavcUC4r7TSfpKFeE163uMuxZcyfO1mGO3EN8Q=="
      },
      "System.Runtime.CompilerServices.Unsafe": {
        "type": "Transitive",
        "resolved": "6.1.2",
        "contentHash": "2hBr6zdbIBTDE3EhK7NSVNdX58uTK6iHW/P/Axmm9sl1xoGSLqDvMtpecn226TNwHByFokYwJmt/aQQNlO5CRw=="
      },
      "System.Text.Encodings.Web": {
        "type": "Transitive",
        "resolved": "9.0.9",
        "contentHash": "bzYTmAcmfelUOCBxvbgsfSr2tq94ydA2gJZAxZRcuNa0LlmlVz8JNHst6RG1qsDujyVYT4vjv06y8sCLbvCXdg=="
      },
      "System.Text.Json": {
        "type": "Transitive",
        "resolved": "9.0.9",
        "contentHash": "NEnpppwq67fRz/OvQRxsEMgetDJsxlxpEsAFO/4PZYbAyAMd4Ol6KS7phc8uDoKPsnbdzRLKobpX303uQwCqdg==",
        "dependencies": {
          "System.IO.Pipelines": "9.0.9",
          "System.Text.Encodings.Web": "9.0.9"
        }
      },
      "Ultz.Native.Assimp": {
        "type": "Transitive",
        "resolved": "6.0.2",
        "contentHash": "sLlr+PPldAB8+7Nfq/By/hm4lW0yfLD3JZf7Cy7sEPjt9yG6kBX86oftD1EnYauq6bpDQxrmMj9fziFwyegbcQ=="
      }
    },
    "net8.0-windows7.0/win-x64": {
      "System.Text.Encodings.Web": {
        "type": "Transitive",
        "resolved": "9.0.9",
        "contentHash": "bzYTmAcmfelUOCBxvbgsfSr2tq94ydA2gJZAxZRcuNa0LlmlVz8JNHst6RG1qsDujyVYT4vjv06y8sCLbvCXdg=="
      },
      "Ultz.Native.Assimp": {
        "type": "Transitive",
        "resolved": "6.0.2",
        "contentHash": "sLlr+PPldAB8+7Nfq/By/hm4lW0yfLD3JZf7Cy7sEPjt9yG6kBX86oftD1EnYauq6bpDQxrmMj9fziFwyegbcQ=="
      }
    }
  }
}